
Microsoft Visual Studio Solution File, Format Version 12.00
# Visual Studio Version 17
VisualStudioVersion = 17.0.31903.59
MinimumVisualStudioVersion = 10.0.40219.1
Project("{FAE04EC0-301F-11D3-BF4B-00C04F79EFBC}") = "Dima.Core", "Dima.Core\Dima.Core.csproj", "{C54A717B-3DF1-462B-8013-8B85D8055BD1}"
EndProject
Project("{FAE04EC0-301F-11D3-BF4B-00C04F79EFBC}") = "Dima.Api", "Dima.Api\Dima.Api.csproj", "{202D6012-2954-4E2D-A8A7-CFBC83DB4BED}"
EndProject
Project("{FAE04EC0-301F-11D3-BF4B-00C04F79EFBC}") = "Dima.Web", "Dima.Web\Dima.Web.csproj", "{44026C67-68BA-4DFE-B3D3-E17D9948BD3B}"
EndProject
Global
	GlobalSection(SolutionProperties) = preSolution
		HideSolutionNode = FALSE
	EndGlobalSection
	GlobalSection(SolutionConfigurationPlatforms) = preSolution
		Debug|Any CPU = Debug|Any CPU
		Debug|x64 = Debug|x64
		Debug|x86 = Debug|x86
		Release|Any CPU = Release|Any CPU
		Release|x64 = Release|x64
		Release|x86 = Release|x86
	EndGlobalSection
	GlobalSection(ProjectConfigurationPlatforms) = postSolution
		{C54A717B-3DF1-462B-8013-8B85D8055BD1}.Debug|Any CPU.ActiveCfg = Debug|Any CPU
		{C54A717B-3DF1-462B-8013-8B85D8055BD1}.Debug|Any CPU.Build.0 = Debug|Any CPU
		{C54A717B-3DF1-462B-8013-8B85D8055BD1}.Debug|x64.ActiveCfg = Debug|Any CPU
		{C54A717B-3DF1-462B-8013-8B85D8055BD1}.Debug|x64.Build.0 = Debug|Any CPU
		{C54A717B-3DF1-462B-8013-8B85D8055BD1}.Debug|x86.ActiveCfg = Debug|Any CPU
		{C54A717B-3DF1-462B-8013-8B85D8055BD1}.Debug|x86.Build.0 = Debug|Any CPU
		{C54A717B-3DF1-462B-8013-8B85D8055BD1}.Release|Any CPU.ActiveCfg = Release|Any CPU
		{C54A717B-3DF1-462B-8013-8B85D8055BD1}.Release|Any CPU.Build.0 = Release|Any CPU
		{C54A717B-3DF1-462B-8013-8B85D8055BD1}.Release|x64.ActiveCfg = Release|Any CPU
		{C54A717B-3DF1-462B-8013-8B85D8055BD1}.Release|x64.Build.0 = Release|Any CPU
		{C54A717B-3DF1-462B-8013-8B85D8055BD1}.Release|x86.ActiveCfg = Release|Any CPU
		{C54A717B-3DF1-462B-8013-8B85D8055BD1}.Release|x86.Build.0 = Release|Any CPU
		{202D6012-2954-4E2D-A8A7-CFBC83DB4BED}.Debug|Any CPU.ActiveCfg = Debug|Any CPU
		{202D6012-2954-4E2D-A8A7-CFBC83DB4BED}.Debug|Any CPU.Build.0 = Debug|Any CPU
		{202D6012-2954-4E2D-A8A7-CFBC83DB4BED}.Debug|x64.ActiveCfg = Debug|Any CPU
		{202D6012-2954-4E2D-A8A7-CFBC83DB4BED}.Debug|x64.Build.0 = Debug|Any CPU
		{202D6012-2954-4E2D-A8A7-CFBC83DB4BED}.Debug|x86.ActiveCfg = Debug|Any CPU
		{202D6012-2954-4E2D-A8A7-CFBC83DB4BED}.Debug|x86.Build.0 = Debug|Any CPU
		{202D6012-2954-4E2D-A8A7-CFBC83DB4BED}.Release|Any CPU.ActiveCfg = Release|Any CPU
		{202D6012-2954-4E2D-A8A7-CFBC83DB4BED}.Release|Any CPU.Build.0 = Release|Any CPU
		{202D6012-2954-4E2D-A8A7-CFBC83DB4BED}.Release|x64.ActiveCfg = Release|Any CPU
		{202D6012-2954-4E2D-A8A7-CFBC83DB4BED}.Release|x64.Build.0 = Release|Any CPU
		{202D6012-2954-4E2D-A8A7-CFBC83DB4BED}.Release|x86.ActiveCfg = Release|Any CPU
		{202D6012-2954-4E2D-A8A7-CFBC83DB4BED}.Release|x86.Build.0 = Release|Any CPU
		{44026C67-68BA-4DFE-B3D3-E17D9948BD3B}.Debug|Any CPU.ActiveCfg = Debug|Any CPU
		{44026C67-68BA-4DFE-B3D3-E17D9948BD3B}.Debug|Any CPU.Build.0 = Debug|Any CPU
		{44026C67-68BA-4DFE-B3D3-E17D9948BD3B}.Debug|x64.ActiveCfg = Debug|Any CPU
		{44026C67-68BA-4DFE-B3D3-E17D9948BD3B}.Debug|x64.Build.0 = Debug|Any CPU
		{44026C67-68BA-4DFE-B3D3-E17D9948BD3B}.Debug|x86.ActiveCfg = Debug|Any CPU
		{44026C67-68BA-4DFE-B3D3-E17D9948BD3B}.Debug|x86.Build.0 = Debug|Any CPU
		{44026C67-68BA-4DFE-B3D3-E17D9948BD3B}.Release|Any CPU.ActiveCfg = Release|Any CPU
		{44026C67-68BA-4DFE-B3D3-E17D9948BD3B}.Release|Any CPU.Build.0 = Release|Any CPU
		{44026C67-68BA-4DFE-B3D3-E17D9948BD3B}.Release|x64.ActiveCfg = Release|Any CPU
		{44026C67-68BA-4DFE-B3D3-E17D9948BD3B}.Release|x64.Build.0 = Release|Any CPU
		{44026C67-68BA-4DFE-B3D3-E17D9948BD3B}.Release|x86.ActiveCfg = Release|Any CPU
		{44026C67-68BA-4DFE-B3D3-E17D9948BD3B}.Release|x86.Build.0 = Release|Any CPU
	EndGlobalSection
EndGlobal
